// !$*UTF8*$!
{
	archiveVersion = 1;
	classes = {
	};
	objectVersion = 50;
	objects = {

/* Begin PBXBuildFile section */
		18EAC0E82390F1A90038E9EB /* AppDelegate.swift in Sources */ = {isa = PBXBuildFile; fileRef = 18EAC0E72390F1A90038E9EB /* AppDelegate.swift */; };
		18EAC0ED2390F1A90038E9EB /* Main.storyboard in Resources */ = {isa = PBXBuildFile; fileRef = 18EAC0EB2390F1A90038E9EB /* Main.storyboard */; };
		18EAC0EF2390F1AA0038E9EB /* Assets.xcassets in Resources */ = {isa = PBXBuildFile; fileRef = 18EAC0EE2390F1AA0038E9EB /* Assets.xcassets */; };
		18EAC0F22390F1AA0038E9EB /* LaunchScreen.storyboard in Resources */ = {isa = PBXBuildFile; fileRef = 18EAC0F02390F1AA0038E9EB /* LaunchScreen.storyboard */; };
		18EAC0FA2390F2F80038E9EB /* PokemonTableViewController.swift in Sources */ = {isa = PBXBuildFile; fileRef = 18EAC0F92390F2F80038E9EB /* PokemonTableViewController.swift */; };
		18EAC0FC2390F4CE0038E9EB /* pokemonStruct.swift in Sources */ = {isa = PBXBuildFile; fileRef = 18EAC0FB2390F4CE0038E9EB /* pokemonStruct.swift */; };
		18EAC0FE239100BA0038E9EB /* PokemonTableViewCell.swift in Sources */ = {isa = PBXBuildFile; fileRef = 18EAC0FD239100BA0038E9EB /* PokemonTableViewCell.swift */; };
		18EAC100239126C50038E9EB /* DetailsViewController.swift in Sources */ = {isa = PBXBuildFile; fileRef = 18EAC0FF239126C50038E9EB /* DetailsViewController.swift */; };
/* End PBXBuildFile section */

/* Begin PBXFileReference section */
		18EAC0E42390F1A90038E9EB /* PokemonTable.app */ = {isa = PBXFileReference; explicitFileType = wrapper.application; includeInIndex = 0; path = PokemonTable.app; sourceTree = BUILT_PRODUCTS_DIR; };
		18EAC0E72390F1A90038E9EB /* AppDelegate.swift */ = {isa = PBXFileReference; lastKnownFileType = sourcecode.swift; path = AppDelegate.swift; sourceTree = "<group>"; };
		18EAC0EC2390F1A90038E9EB /* Base */ = {isa = PBXFileReference; lastKnownFileType = file.storyboard; name = Base; path = Base.lproj/Main.storyboard; sourceTree = "<group>"; };
		18EAC0EE2390F1AA0038E9EB /* Assets.xcassets */ = {isa = PBXFileReference; lastKnownFileType = folder.assetcatalog; path = Assets.xcassets; sourceTree = "<group>"; };
		18EAC0F12390F1AA0038E9EB /* Base */ = {isa = PBXFileReference; lastKnownFileType = file.storyboard; name = Base; path = Base.lproj/LaunchScreen.storyboard; sourceTree = "<group>"; };
		18EAC0F32390F1AA0038E9EB /* Info.plist */ = {isa = PBXFileReference; lastKnownFileType = text.plist.xml; path = Info.plist; sourceTree = "<group>"; };
		18EAC0F92390F2F80038E9EB /* PokemonTableViewController.swift */ = {isa = PBXFileReference; lastKnownFileType = sourcecode.swift; path = PokemonTableViewController.swift; sourceTree = "<group>"; };
		18EAC0FB2390F4CE0038E9EB /* pokemonStruct.swift */ = {isa = PBXFileReference; lastKnownFileType = sourcecode.swift; path = pokemonStruct.swift; sourceTree = "<group>"; };
		18EAC0FD239100BA0038E9EB /* PokemonTableViewCell.swift */ = {isa = PBXFileReference; lastKnownFileType = sourcecode.swift; path = PokemonTableViewCell.swift; sourceTree = "<group>"; };
		18EAC0FF239126C50038E9EB /* DetailsViewController.swift */ = {isa = PBXFileReference; lastKnownFileType = sourcecode.swift; path = DetailsViewController.swift; sourceTree = "<group>"; };
/* End PBXFileReference section */

/* Begin PBXFrameworksBuildPhase section */
		18EAC0E12390F1A90038E9EB /* Frameworks */ = {
			isa = PBXFrameworksBuildPhase;
			buildActionMask = 2147483647;
			files = (
			);
			runOnlyForDeploymentPostprocessing = 0;
		};
/* End PBXFrameworksBuildPhase section */

/* Begin PBXGroup section */
		18EAC0DB2390F1A90038E9EB = {
			isa = PBXGroup;
			children = (
				18EAC0E62390F1A90038E9EB /* PokemonTable */,
				18EAC0E52390F1A90038E9EB /* Products */,
			);
			sourceTree = "<group>";
		};
		18EAC0E52390F1A90038E9EB /* Products */ = {
			isa = PBXGroup;
			children = (
				18EAC0E42390F1A90038E9EB /* PokemonTable.app */,
			);
			name = Products;
			sourceTree = "<group>";
		};
		18EAC0E62390F1A90038E9EB /* PokemonTable */ = {
			isa = PBXGroup;
			children = (
				18EAC0FF239126C50038E9EB /* DetailsViewController.swift */,
				18EAC0E72390F1A90038E9EB /* AppDelegate.swift */,
				18EAC0F92390F2F80038E9EB /* PokemonTableViewController.swift */,
				18EAC0FD239100BA0038E9EB /* PokemonTableViewCell.swift */,
				18EAC0FB2390F4CE0038E9EB /* pokemonStruct.swift */,
				18EAC0EB2390F1A90038E9EB /* Main.storyboard */,
				18EAC0EE2390F1AA0038E9EB /* Assets.xcassets */,
				18EAC0F02390F1AA0038E9EB /* LaunchScreen.storyboard */,
				18EAC0F32390F1AA0038E9EB /* Info.plist */,
			);
			path = PokemonTable;
			sourceTree = "<group>";
		};
/* End PBXGroup section */

/* Begin PBXNativeTarget section */
		18EAC0E32390F1A90038E9EB /* PokemonTable */ = {
			isa = PBXNativeTarget;
			buildConfigurationList = 18EAC0F62390F1AA0038E9EB /* Build configuration list for PBXNativeTarget "PokemonTable" */;
			buildPhases = (
				18EAC0E02390F1A90038E9EB /* Sources */,
				18EAC0E12390F1A90038E9EB /* Frameworks */,
				18EAC0E22390F1A90038E9EB /* Resources */,
			);
			buildRules = (
			);
			dependencies = (
			);
			name = PokemonTable;
			productName = PokemonTable;
			productReference = 18EAC0E42390F1A90038E9EB /* PokemonTable.app */;
			productType = "com.apple.product-type.application";
		};
/* End PBXNativeTarget section */

/* Begin PBXProject section */
		18EAC0DC2390F1A90038E9EB /* Project object */ = {
			isa = PBXProject;
			attributes = {
				LastSwiftUpdateCheck = 1030;
				LastUpgradeCheck = 1030;
				ORGANIZATIONNAME = Tinkercademy;
				TargetAttributes = {
					18EAC0E32390F1A90038E9EB = {
						CreatedOnToolsVersion = 10.3;
					};
				};
			};
			buildConfigurationList = 18EAC0DF2390F1A90038E9EB /* Build configuration list for PBXProject "PokemonTable" */;
			compatibilityVersion = "Xcode 9.3";
			developmentRegion = en;
			hasScannedForEncodings = 0;
			knownRegions = (
				en,
				Base,
			);
			mainGroup = 18EAC0DB2390F1A90038E9EB;
			productRefGroup = 18EAC0E52390F1A90038E9EB /* Products */;
			projectDirPath = "";
			projectRoot = "";
			targets = (
				18EAC0E32390F1A90038E9EB /* PokemonTable */,
			);
		};
/* End PBXProject section */

/* Begin PBXResourcesBuildPhase section */
		18EAC0E22390F1A90038E9EB /* Resources */ = {
			isa = PBXResourcesBuildPhase;
			buildActionMask = 2147483647;
			files = (
				18EAC0F22390F1AA0038E9EB /* LaunchScreen.storyboard in Resources */,
				18EAC0EF2390F1AA0038E9EB /* Assets.xcassets in Resources */,
				18EAC0ED2390F1A90038E9EB /* Main.storyboard in Resources */,
			);
			runOnlyForDeploymentPostprocessing = 0;
		};
/* End PBXResourcesBuildPhase section */

/* Begin PBXSourcesBuildPhase section */
		18EAC0E02390F1A90038E9EB /* Sources */ = {
			isa = PBXSourcesBuildPhase;
			buildActionMask = 2147483647;
			files = (
				18EAC0FC2390F4CE0038E9EB /* pokemonStruct.swift in Sources */,
				18EAC0FA2390F2F80038E9EB /* PokemonTableViewController.swift in Sources */,
				18EAC0FE239100BA0038E9EB /* PokemonTableViewCell.swift in Sources */,
				18EAC0E82390F1A90038E9EB /* AppDelegate.swift in Sources */,
				18EAC100239126C50038E9EB /* DetailsViewController.swift in Sources */,
			);
			runOnlyForDeploymentPostprocessing = 0;
		};
/* End PBXSourcesBuildPhase section */

/* Begin PBXVariantGroup section */
		18EAC0EB2390F1A90038E9EB /* Main.storyboard */ = {
			isa = PBXVariantGroup;
			children = (
				18EAC0EC2390F1A90038E9EB /* Base */,
			);
			name = Main.storyboard;
			sourceTree = "<group>";
		};
		18EAC0F02390F1AA0038E9EB /* LaunchScreen.storyboard */ = {
			isa = PBXVariantGroup;
			children = (
				18EAC0F12390F1AA0038E9EB /* Base */,
			);
			name = LaunchScreen.storyboard;
			sourceTree = "<group>";
		};
/* End PBXVariantGroup section */

/* Begin XCBuildConfiguration section */
		18EAC0F42390F1AA0038E9EB /* Debug */ = {
			isa = XCBuildConfiguration;
			buildSettings = {
				ALWAYS_SEARCH_USER_PATHS = NO;
				CLANG_ANALYZER_NONNULL = YES;
				CLANG_ANALYZER_NUMBER_OBJECT_CONVERSION = YES_AGGRESSIVE;
				CLANG_CXX_LANGUAGE_STANDARD = "gnu++14";
				CLANG_CXX_LIBRARY = "libc++";
				CLANG_ENABLE_MODULES = YES;
				CLANG_ENABLE_OBJC_ARC = YES;
				CLANG_ENABLE_OBJC_WEAK = YES;
				CLANG_WARN_BLOCK_CAPTURE_AUTORELEASING = YES;
				CLANG_WARN_BOOL_CONVERSION = YES;
				CLANG_WARN_COMMA = YES;
				CLANG_WARN_CONSTANT_CONVERSION = YES;
				CLANG_WARN_DEPRECATED_OBJC_IMPLEMENTATIONS = YES;
				CLANG_WARN_DIRECT_OBJC_ISA_USAGE = YES_ERROR;
				CLANG_WARN_DOCUMENTATION_COMMENTS = YES;
				CLANG_WARN_EMPTY_BODY = YES;
				CLANG_WARN_ENUM_CONVERSION = YES;
				CLANG_WARN_INFINITE_RECURSION = YES;
				CLANG_WARN_INT_CONVERSION = YES;
				CLANG_WARN_NON_LITERAL_NULL_CONVERSION = YES;
				CLANG_WARN_OBJC_IMPLICIT_RETAIN_SELF = YES;
				CLANG_WARN_OBJC_LITERAL_CONVERSION = YES;
				CLANG_WARN_OBJC_ROOT_CLASS = YES_ERROR;
				CLANG_WARN_RANGE_LOOP_ANALYSIS = YES;
				CLANG_WARN_STRICT_PROTOTYPES = YES;
				CLANG_WARN_SUSPICIOUS_MOVE = YES;
				CLANG_WARN_UNGUARDED_AVAILABILITY = YES_AGGRESSIVE;
				CLANG_WARN_UNREACHABLE_CODE = YES;
				CLANG_WARN__DUPLICATE_METHOD_MATCH = YES;
				CODE_SIGN_IDENTITY = "iPhone Developer";
				COPY_PHASE_STRIP = NO;
				DEBUG_INFORMATION_FORMAT = dwarf;
				ENABLE_STRICT_OBJC_MSGSEND = YES;
				ENABLE_TESTABILITY = YES;
				GCC_C_LANGUAGE_STANDARD = gnu11;
				GCC_DYNAMIC_NO_PIC = NO;
				GCC_NO_COMMON_BLOCKS = YES;
				GCC_OPTIMIZATION_LEVEL = 0;
				GCC_PREPROCESSOR_DEFINITIONS = (
					"DEBUG=1",
					"$(inherited)",
				);
				GCC_WARN_64_TO_32_BIT_CONVERSION = YES;
				GCC_WARN_ABOUT_RETURN_TYPE = YES_ERROR;
				GCC_WARN_UNDECLARED_SELECTOR = YES;
				GCC_WARN_UNINITIALIZED_AUTOS = YES_AGGRESSIVE;
				GCC_WARN_UNUSED_FUNCTION = YES;
				GCC_WARN_UNUSED_VARIABLE = YES;
				IPHONEOS_DEPLOYMENT_TARGET = 12.4;
				MTL_ENABLE_DEBUG_INFO = INCLUDE_SOURCE;
				MTL_FAST_MATH = YES;
				ONLY_ACTIVE_ARCH = YES;
				SDKROOT = iphoneos;
				SWIFT_ACTIVE_COMPILATION_CONDITIONS = DEBUG;
				SWIFT_OPTIMIZATION_LEVEL = "-Onone";
			};
			name = Debug;
		};
		18EAC0F52390F1AA0038E9EB /* Release */ = {
			isa = XCBuildConfiguration;
			buildSettings = {
				ALWAYS_SEARCH_USER_PATHS = NO;
				CLANG_ANALYZER_NONNULL = YES;
				CLANG_ANALYZER_NUMBER_OBJECT_CONVERSION = YES_AGGRESSIVE;
				CLANG_CXX_LANGUAGE_STANDARD = "gnu++14";
				CLANG_CXX_LIBRARY = "libc++";
				CLANG_ENABLE_MODULES = YES;
				CLANG_ENABLE_OBJC_ARC = YES;
				CLANG_ENABLE_OBJC_WEAK = YES;
				CLANG_WARN_BLOCK_CAPTURE_AUTORELEASING = YES;
				CLANG_WARN_BOOL_CONVERSION = YES;
				CLANG_WARN_COMMA = YES;
				CLANG_WARN_CONSTANT_CONVERSION = YES;
				CLANG_WARN_DEPRECATED_OBJC_IMPLEMENTATIONS = YES;
				CLANG_WARN_DIRECT_OBJC_ISA_USAGE = YES_ERROR;
				CLANG_WARN_DOCUMENTATION_COMMENTS = YES;
				CLANG_WARN_EMPTY_BODY = YES;
				CLANG_WARN_ENUM_CONVERSION = YES;
				CLANG_WARN_INFINITE_RECURSION = YES;
				CLANG_WARN_INT_CONVERSION = YES;
				CLANG_WARN_NON_LITERAL_NULL_CONVERSION = YES;
				CLANG_WARN_OBJC_IMPLICIT_RETAIN_SELF = YES;
				CLANG_WARN_OBJC_LITERAL_CONVERSION = YES;
				CLANG_WARN_OBJC_ROOT_CLASS = YES_ERROR;
				CLANG_WARN_RANGE_LOOP_ANALYSIS = YES;
				CLANG_WARN_STRICT_PROTOTYPES = YES;
				CLANG_WARN_SUSPICIOUS_MOVE = YES;
				CLANG_WARN_UNGUARDED_AVAILABILITY = YES_AGGRESSIVE;
				CLANG_WARN_UNREACHABLE_CODE = YES;
				CLANG_WARN__DUPLICATE_METHOD_MATCH = YES;
				CODE_SIGN_IDENTITY = "iPhone Developer";
				COPY_PHASE_STRIP = NO;
				DEBUG_INFORMATION_FORMAT = "dwarf-with-dsym";
				ENABLE_NS_ASSERTIONS = NO;
				ENABLE_STRICT_OBJC_MSGSEND = YES;
				GCC_C_LANGUAGE_STANDARD = gnu11;
				GCC_NO_COMMON_BLOCKS = YES;
				GCC_WARN_64_TO_32_BIT_CONVERSION = YES;
				GCC_WARN_ABOUT_RETURN_TYPE = YES_ERROR;
				GCC_WARN_UNDECLARED_SELECTOR = YES;
				GCC_WARN_UNINITIALIZED_AUTOS = YES_AGGRESSIVE;
				GCC_WARN_UNUSED_FUNCTION = YES;
				GCC_WARN_UNUSED_VARIABLE = YES;
				IPHONEOS_DEPLOYMENT_TARGET = 12.4;
				MTL_ENABLE_DEBUG_INFO = NO;
				MTL_FAST_MATH = YES;
				SDKROOT = iphoneos;
				SWIFT_COMPILATION_MODE = wholemodule;
				SWIFT_OPTIMIZATION_LEVEL = "-O";
				VALIDATE_PRODUCT = YES;
			};
			name = Release;
		};
		18EAC0F72390F1AA0038E9EB /* Debug */ = {
			isa = XCBuildConfiguration;
			buildSettings = {
				ASSETCATALOG_COMPILER_APPICON_NAME = AppIcon;
				CODE_SIGN_STYLE = Automatic;
				INFOPLIST_FILE = PokemonTable/Info.plist;
				LD_RUNPATH_SEARCH_PATHS = (
					"$(inherited)",
					"@executable_path/Frameworks",
				);
				PRODUCT_BUNDLE_IDENTIFIER = com.tinkercademy.PokemonTable;
				PRODUCT_NAME = "$(TARGET_NAME)";
				SWIFT_VERSION = 5.0;
				TARGETED_DEVICE_FAMILY = "1,2";
			};
			name = Debug;
		};
		18EAC0F82390F1AA0038E9EB /* Release */ = {
			isa = XCBuildConfiguration;
			buildSettings = {
				ASSETCATALOG_COMPILER_APPICON_NAME = AppIcon;
				CODE_SIGN_STYLE = Automatic;
				INFOPLIST_FILE = PokemonTable/Info.plist;
				LD_RUNPATH_SEARCH_PATHS = (
					"$(inherited)",
					"@executable_path/Frameworks",
				);
				PRODUCT_BUNDLE_IDENTIFIER = com.tinkercademy.PokemonTable;
				PRODUCT_NAME = "$(TARGET_NAME)";
				SWIFT_VERSION = 5.0;
				TARGETED_DEVICE_FAMILY = "1,2";
			};
			name = Release;
		};
/* End XCBuildConfiguration section */

/* Begin XCConfigurationList section */
		18EAC0DF2390F1A90038E9EB /* Build configuration list for PBXProject "PokemonTable" */ = {
			isa = XCConfigurationList;
			buildConfigurations = (
				18EAC0F42390F1AA0038E9EB /* Debug */,
				18EAC0F52390F1AA0038E9EB /* Release */,
			);
			defaultConfigurationIsVisible = 0;
			defaultConfigurationName = Release;
		};
		18EAC0F62390F1AA0038E9EB /* Build configuration list for PBXNativeTarget "PokemonTable" */ = {
			isa = XCConfigurationList;
			buildConfigurations = (
				18EAC0F72390F1AA0038E9EB /* Debug */,
				18EAC0F82390F1AA0038E9EB /* Release */,
			);
			defaultConfigurationIsVisible = 0;
			defaultConfigurationName = Release;
		};
/* End XCConfigurationList section */
	};
	rootObject = 18EAC0DC2390F1A90038E9EB /* Project object */;
}
